
Microsoft Visual Studio Solution File, Format Version 12.00
# Visual Studio Version 16
VisualStudioVersion = 16.0.31605.320
MinimumVisualStudioVersion = 10.0.40219.1
Project("{FAE04EC0-301F-11D3-BF4B-00C04F79EFBC}") = "Encapsulamiento", "Encapsulamiento\Encapsulamiento.csproj", "{0F83EF6A-D8E7-4E92-BE26-DBD3E0B1BFD6}"
EndProject
Global
	GlobalSection(SolutionConfigurationPlatforms) = preSolution
		Debug|Any CPU = Debug|Any CPU
		Release|Any CPU = Release|Any CPU
	EndGlobalSection
	GlobalSection(ProjectConfigurationPlatforms) = postSolution
		{0F83EF6A-D8E7-4E92-BE26-DBD3E0B1BFD6}.Debug|Any CPU.ActiveCfg = Debug|Any CPU
		{0F83EF6A-D8E7-4E92-BE26-DBD3E0B1BFD6}.Debug|Any CPU.Build.0 = Debug|Any CPU
		{0F83EF6A-D8E7-4E92-BE26-DBD3E0B1BFD6}.Release|Any CPU.ActiveCfg = Release|Any CPU
		{0F83EF6A-D8E7-4E92-BE26-DBD3E0B1BFD6}.Release|Any CPU.Build.0 = Release|Any CPU
	EndGlobalSection
	GlobalSection(SolutionProperties) = preSolution
		HideSolutionNode = FALSE
	EndGlobalSection
	GlobalSection(ExtensibilityGlobals) = postSolution
		SolutionGuid = {C904CE92-B388-47ED-8C05-A9EFC5C20CC8}
	EndGlobalSection
EndGlobal
