
Microsoft Visual Studio Solution File, Format Version 12.00
# Visual Studio Version 16
VisualStudioVersion = 16.0.31605.320
MinimumVisualStudioVersion = 10.0.40219.1
Project("{FAE04EC0-301F-11D3-BF4B-00C04F79EFBC}") = "EJ4", "EJ4\EJ4.csproj", "{EB669B82-C101-43DE-8C51-7E4D66900892}"
EndProject
Project("{FAE04EC0-301F-11D3-BF4B-00C04F79EFBC}") = "Geometria", "Geometria\Geometria.csproj", "{A5993F1F-CF66-4D8B-A2CA-992492A1BD2F}"
EndProject
Global
	GlobalSection(SolutionConfigurationPlatforms) = preSolution
		Debug|Any CPU = Debug|Any CPU
		Release|Any CPU = Release|Any CPU
	EndGlobalSection
	GlobalSection(ProjectConfigurationPlatforms) = postSolution
		{EB669B82-C101-43DE-8C51-7E4D66900892}.Debug|Any CPU.ActiveCfg = Debug|Any CPU
		{EB669B82-C101-43DE-8C51-7E4D66900892}.Debug|Any CPU.Build.0 = Debug|Any CPU
		{EB669B82-C101-43DE-8C51-7E4D66900892}.Release|Any CPU.ActiveCfg = Release|Any CPU
		{EB669B82-C101-43DE-8C51-7E4D66900892}.Release|Any CPU.Build.0 = Release|Any CPU
		{A5993F1F-CF66-4D8B-A2CA-992492A1BD2F}.Debug|Any CPU.ActiveCfg = Debug|Any CPU
		{A5993F1F-CF66-4D8B-A2CA-992492A1BD2F}.Debug|Any CPU.Build.0 = Debug|Any CPU
		{A5993F1F-CF66-4D8B-A2CA-992492A1BD2F}.Release|Any CPU.ActiveCfg = Release|Any CPU
		{A5993F1F-CF66-4D8B-A2CA-992492A1BD2F}.Release|Any CPU.Build.0 = Release|Any CPU
	EndGlobalSection
	GlobalSection(SolutionProperties) = preSolution
		HideSolutionNode = FALSE
	EndGlobalSection
	GlobalSection(ExtensibilityGlobals) = postSolution
		SolutionGuid = {EBDDE34C-5472-44A6-9FAC-CB63CCA200F8}
	EndGlobalSection
EndGlobal
