
Microsoft Visual Studio Solution File, Format Version 12.00
# Visual Studio Version 16
VisualStudioVersion = 16.0.31605.320
MinimumVisualStudioVersion = 10.0.40219.1
Project("{FAE04EC0-301F-11D3-BF4B-00C04F79EFBC}") = "Herencia", "Herencia\Herencia.csproj", "{21EEE69F-2E55-40EA-9F2F-626F13F2A8A9}"
EndProject
Global
	GlobalSection(SolutionConfigurationPlatforms) = preSolution
		Debug|Any CPU = Debug|Any CPU
		Release|Any CPU = Release|Any CPU
	EndGlobalSection
	GlobalSection(ProjectConfigurationPlatforms) = postSolution
		{21EEE69F-2E55-40EA-9F2F-626F13F2A8A9}.Debug|Any CPU.ActiveCfg = Debug|Any CPU
		{21EEE69F-2E55-40EA-9F2F-626F13F2A8A9}.Debug|Any CPU.Build.0 = Debug|Any CPU
		{21EEE69F-2E55-40EA-9F2F-626F13F2A8A9}.Release|Any CPU.ActiveCfg = Release|Any CPU
		{21EEE69F-2E55-40EA-9F2F-626F13F2A8A9}.Release|Any CPU.Build.0 = Release|Any CPU
	EndGlobalSection
	GlobalSection(SolutionProperties) = preSolution
		HideSolutionNode = FALSE
	EndGlobalSection
	GlobalSection(ExtensibilityGlobals) = postSolution
		SolutionGuid = {0898D505-9BD6-46C7-9EDB-6BC3E501C59C}
	EndGlobalSection
EndGlobal
