
Microsoft Visual Studio Solution File, Format Version 12.00
# Visual Studio Version 16
VisualStudioVersion = 16.0.31605.320
MinimumVisualStudioVersion = 10.0.40219.1
Project("{FAE04EC0-301F-11D3-BF4B-00C04F79EFBC}") = "EJ1", "EJ1\EJ1.csproj", "{3A577DA5-868C-4A35-8767-1E0AF4F14F7E}"
EndProject
Project("{FAE04EC0-301F-11D3-BF4B-00C04F79EFBC}") = "BibliotecaDeClases", "BibliotecaDeClases\BibliotecaDeClases.csproj", "{9B4BFFF3-CD63-4B45-8370-DC6022797F85}"
EndProject
Global
	GlobalSection(SolutionConfigurationPlatforms) = preSolution
		Debug|Any CPU = Debug|Any CPU
		Release|Any CPU = Release|Any CPU
	EndGlobalSection
	GlobalSection(ProjectConfigurationPlatforms) = postSolution
		{3A577DA5-868C-4A35-8767-1E0AF4F14F7E}.Debug|Any CPU.ActiveCfg = Debug|Any CPU
		{3A577DA5-868C-4A35-8767-1E0AF4F14F7E}.Debug|Any CPU.Build.0 = Debug|Any CPU
		{3A577DA5-868C-4A35-8767-1E0AF4F14F7E}.Release|Any CPU.ActiveCfg = Release|Any CPU
		{3A577DA5-868C-4A35-8767-1E0AF4F14F7E}.Release|Any CPU.Build.0 = Release|Any CPU
		{9B4BFFF3-CD63-4B45-8370-DC6022797F85}.Debug|Any CPU.ActiveCfg = Debug|Any CPU
		{9B4BFFF3-CD63-4B45-8370-DC6022797F85}.Debug|Any CPU.Build.0 = Debug|Any CPU
		{9B4BFFF3-CD63-4B45-8370-DC6022797F85}.Release|Any CPU.ActiveCfg = Release|Any CPU
		{9B4BFFF3-CD63-4B45-8370-DC6022797F85}.Release|Any CPU.Build.0 = Release|Any CPU
	EndGlobalSection
	GlobalSection(SolutionProperties) = preSolution
		HideSolutionNode = FALSE
	EndGlobalSection
	GlobalSection(ExtensibilityGlobals) = postSolution
		SolutionGuid = {46823E57-D8B4-4ECA-82E3-22FB2D90949D}
	EndGlobalSection
EndGlobal
