
Microsoft Visual Studio Solution File, Format Version 12.00
# Visual Studio Version 16
VisualStudioVersion = 16.0.31605.320
MinimumVisualStudioVersion = 10.0.40219.1
Project("{FAE04EC0-301F-11D3-BF4B-00C04F79EFBC}") = "Polimorfismo", "Polimorfismo\Polimorfismo.csproj", "{EEA97D20-14F4-465E-9D2B-A96A710F83F1}"
EndProject
Project("{FAE04EC0-301F-11D3-BF4B-00C04F79EFBC}") = "BibliotecaDeClases", "BibliotecaDeClases\BibliotecaDeClases.csproj", "{07FCFA95-E48A-4D51-BE24-4F01E9D41A75}"
EndProject
Global
	GlobalSection(SolutionConfigurationPlatforms) = preSolution
		Debug|Any CPU = Debug|Any CPU
		Release|Any CPU = Release|Any CPU
	EndGlobalSection
	GlobalSection(ProjectConfigurationPlatforms) = postSolution
		{EEA97D20-14F4-465E-9D2B-A96A710F83F1}.Debug|Any CPU.ActiveCfg = Debug|Any CPU
		{EEA97D20-14F4-465E-9D2B-A96A710F83F1}.Debug|Any CPU.Build.0 = Debug|Any CPU
		{EEA97D20-14F4-465E-9D2B-A96A710F83F1}.Release|Any CPU.ActiveCfg = Release|Any CPU
		{EEA97D20-14F4-465E-9D2B-A96A710F83F1}.Release|Any CPU.Build.0 = Release|Any CPU
		{07FCFA95-E48A-4D51-BE24-4F01E9D41A75}.Debug|Any CPU.ActiveCfg = Debug|Any CPU
		{07FCFA95-E48A-4D51-BE24-4F01E9D41A75}.Debug|Any CPU.Build.0 = Debug|Any CPU
		{07FCFA95-E48A-4D51-BE24-4F01E9D41A75}.Release|Any CPU.ActiveCfg = Release|Any CPU
		{07FCFA95-E48A-4D51-BE24-4F01E9D41A75}.Release|Any CPU.Build.0 = Release|Any CPU
	EndGlobalSection
	GlobalSection(SolutionProperties) = preSolution
		HideSolutionNode = FALSE
	EndGlobalSection
	GlobalSection(ExtensibilityGlobals) = postSolution
		SolutionGuid = {1A435A7B-DCB6-4153-AC00-6C6A202EEA9E}
	EndGlobalSection
EndGlobal
